
Microsoft Visual Studio Solution File, Format Version 12.00
# Visual Studio 2013
VisualStudioVersion = 12.0.31101.0
MinimumVisualStudioVersion = 10.0.40219.1
Project("{FAE04EC0-301F-11D3-BF4B-00C04F79EFBC}") = "XamarinFormsCarCatalog", "XamarinFormsCarCatalog\XamarinFormsCarCatalog\XamarinFormsCarCatalog.csproj", "{7E54CA51-DD8B-4F10-89B5-63B4CDD39DA5}"
EndProject
Project("{FAE04EC0-301F-11D3-BF4B-00C04F79EFBC}") = "XamarinFormsCarCatalog.iOS", "XamarinFormsCarCatalog\XamarinFormsCarCatalog.iOS\XamarinFormsCarCatalog.iOS.csproj", "{72B6631C-CA4E-48A4-8DF7-70943E7B5656}"
EndProject
Project("{FAE04EC0-301F-11D3-BF4B-00C04F79EFBC}") = "XamarinFormsCarCatalog.Droid", "XamarinFormsCarCatalog\XamarinFormsCarCatalog.Droid\XamarinFormsCarCatalog.Droid.csproj", "{7232EACA-AEC1-4860-AE16-F19E8C5B55BB}"
EndProject
Project("{FAE04EC0-301F-11D3-BF4B-00C04F79EFBC}") = "XamarinFormsCarCatalog.WinPhone", "XamarinFormsCarCatalog\XamarinFormsCarCatalog.WinPhone\XamarinFormsCarCatalog.WinPhone.csproj", "{F84AFCF2-B178-4063-978B-EA80BF7F30ED}"
EndProject
Global
	GlobalSection(SolutionConfigurationPlatforms) = preSolution
		Ad-Hoc|Any CPU = Ad-Hoc|Any CPU
		Ad-Hoc|ARM = Ad-Hoc|ARM
		Ad-Hoc|iPhone = Ad-Hoc|iPhone
		Ad-Hoc|iPhoneSimulator = Ad-Hoc|iPhoneSimulator
		Ad-Hoc|Mixed Platforms = Ad-Hoc|Mixed Platforms
		Ad-Hoc|x86 = Ad-Hoc|x86
		AppStore|Any CPU = AppStore|Any CPU
		AppStore|ARM = AppStore|ARM
		AppStore|iPhone = AppStore|iPhone
		AppStore|iPhoneSimulator = AppStore|iPhoneSimulator
		AppStore|Mixed Platforms = AppStore|Mixed Platforms
		AppStore|x86 = AppStore|x86
		Debug|Any CPU = Debug|Any CPU
		Debug|ARM = Debug|ARM
		Debug|iPhone = Debug|iPhone
		Debug|iPhoneSimulator = Debug|iPhoneSimulator
		Debug|Mixed Platforms = Debug|Mixed Platforms
		Debug|x86 = Debug|x86
		Release|Any CPU = Release|Any CPU
		Release|ARM = Release|ARM
		Release|iPhone = Release|iPhone
		Release|iPhoneSimulator = Release|iPhoneSimulator
		Release|Mixed Platforms = Release|Mixed Platforms
		Release|x86 = Release|x86
	EndGlobalSection
	GlobalSection(ProjectConfigurationPlatforms) = postSolution
		{7E54CA51-DD8B-4F10-89B5-63B4CDD39DA5}.Ad-Hoc|Any CPU.ActiveCfg = Release|Any CPU
		{7E54CA51-DD8B-4F10-89B5-63B4CDD39DA5}.Ad-Hoc|Any CPU.Build.0 = Release|Any CPU
		{7E54CA51-DD8B-4F10-89B5-63B4CDD39DA5}.Ad-Hoc|ARM.ActiveCfg = Release|Any CPU
		{7E54CA51-DD8B-4F10-89B5-63B4CDD39DA5}.Ad-Hoc|iPhone.ActiveCfg = Release|Any CPU
		{7E54CA51-DD8B-4F10-89B5-63B4CDD39DA5}.Ad-Hoc|iPhoneSimulator.ActiveCfg = Release|Any CPU
		{7E54CA51-DD8B-4F10-89B5-63B4CDD39DA5}.Ad-Hoc|Mixed Platforms.ActiveCfg = Release|Any CPU
		{7E54CA51-DD8B-4F10-89B5-63B4CDD39DA5}.Ad-Hoc|Mixed Platforms.Build.0 = Release|Any CPU
		{7E54CA51-DD8B-4F10-89B5-63B4CDD39DA5}.Ad-Hoc|x86.ActiveCfg = Release|Any CPU
		{7E54CA51-DD8B-4F10-89B5-63B4CDD39DA5}.AppStore|Any CPU.ActiveCfg = Release|Any CPU
		{7E54CA51-DD8B-4F10-89B5-63B4CDD39DA5}.AppStore|Any CPU.Build.0 = Release|Any CPU
		{7E54CA51-DD8B-4F10-89B5-63B4CDD39DA5}.AppStore|ARM.ActiveCfg = Release|Any CPU
		{7E54CA51-DD8B-4F10-89B5-63B4CDD39DA5}.AppStore|iPhone.ActiveCfg = Release|Any CPU
		{7E54CA51-DD8B-4F10-89B5-63B4CDD39DA5}.AppStore|iPhoneSimulator.ActiveCfg = Release|Any CPU
		{7E54CA51-DD8B-4F10-89B5-63B4CDD39DA5}.AppStore|Mixed Platforms.ActiveCfg = Release|Any CPU
		{7E54CA51-DD8B-4F10-89B5-63B4CDD39DA5}.AppStore|Mixed Platforms.Build.0 = Release|Any CPU
		{7E54CA51-DD8B-4F10-89B5-63B4CDD39DA5}.AppStore|x86.ActiveCfg = Release|Any CPU
		{7E54CA51-DD8B-4F10-89B5-63B4CDD39DA5}.Debug|Any CPU.ActiveCfg = Debug|Any CPU
		{7E54CA51-DD8B-4F10-89B5-63B4CDD39DA5}.Debug|Any CPU.Build.0 = Debug|Any CPU
		{7E54CA51-DD8B-4F10-89B5-63B4CDD39DA5}.Debug|ARM.ActiveCfg = Debug|Any CPU
		{7E54CA51-DD8B-4F10-89B5-63B4CDD39DA5}.Debug|iPhone.ActiveCfg = Debug|Any CPU
		{7E54CA51-DD8B-4F10-89B5-63B4CDD39DA5}.Debug|iPhoneSimulator.ActiveCfg = Debug|Any CPU
		{7E54CA51-DD8B-4F10-89B5-63B4CDD39DA5}.Debug|Mixed Platforms.ActiveCfg = Debug|Any CPU
		{7E54CA51-DD8B-4F10-89B5-63B4CDD39DA5}.Debug|Mixed Platforms.Build.0 = Debug|Any CPU
		{7E54CA51-DD8B-4F10-89B5-63B4CDD39DA5}.Debug|x86.ActiveCfg = Debug|Any CPU
		{7E54CA51-DD8B-4F10-89B5-63B4CDD39DA5}.Release|Any CPU.ActiveCfg = Release|Any CPU
		{7E54CA51-DD8B-4F10-89B5-63B4CDD39DA5}.Release|Any CPU.Build.0 = Release|Any CPU
		{7E54CA51-DD8B-4F10-89B5-63B4CDD39DA5}.Release|ARM.ActiveCfg = Release|Any CPU
		{7E54CA51-DD8B-4F10-89B5-63B4CDD39DA5}.Release|iPhone.ActiveCfg = Release|Any CPU
		{7E54CA51-DD8B-4F10-89B5-63B4CDD39DA5}.Release|iPhoneSimulator.ActiveCfg = Release|Any CPU
		{7E54CA51-DD8B-4F10-89B5-63B4CDD39DA5}.Release|Mixed Platforms.ActiveCfg = Release|Any CPU
		{7E54CA51-DD8B-4F10-89B5-63B4CDD39DA5}.Release|Mixed Platforms.Build.0 = Release|Any CPU
		{7E54CA51-DD8B-4F10-89B5-63B4CDD39DA5}.Release|x86.ActiveCfg = Release|Any CPU
		{72B6631C-CA4E-48A4-8DF7-70943E7B5656}.Ad-Hoc|Any CPU.ActiveCfg = Ad-Hoc|iPhone
		{72B6631C-CA4E-48A4-8DF7-70943E7B5656}.Ad-Hoc|ARM.ActiveCfg = Ad-Hoc|iPhone
		{72B6631C-CA4E-48A4-8DF7-70943E7B5656}.Ad-Hoc|iPhone.ActiveCfg = Ad-Hoc|iPhone
		{72B6631C-CA4E-48A4-8DF7-70943E7B5656}.Ad-Hoc|iPhone.Build.0 = Ad-Hoc|iPhone
		{72B6631C-CA4E-48A4-8DF7-70943E7B5656}.Ad-Hoc|iPhoneSimulator.ActiveCfg = Ad-Hoc|iPhoneSimulator
		{72B6631C-CA4E-48A4-8DF7-70943E7B5656}.Ad-Hoc|iPhoneSimulator.Build.0 = Ad-Hoc|iPhoneSimulator
		{72B6631C-CA4E-48A4-8DF7-70943E7B5656}.Ad-Hoc|Mixed Platforms.ActiveCfg = Ad-Hoc|iPhone
		{72B6631C-CA4E-48A4-8DF7-70943E7B5656}.Ad-Hoc|Mixed Platforms.Build.0 = Ad-Hoc|iPhone
		{72B6631C-CA4E-48A4-8DF7-70943E7B5656}.Ad-Hoc|x86.ActiveCfg = Ad-Hoc|iPhone
		{72B6631C-CA4E-48A4-8DF7-70943E7B5656}.AppStore|Any CPU.ActiveCfg = AppStore|iPhone
		{72B6631C-CA4E-48A4-8DF7-70943E7B5656}.AppStore|ARM.ActiveCfg = AppStore|iPhone
		{72B6631C-CA4E-48A4-8DF7-70943E7B5656}.AppStore|iPhone.ActiveCfg = AppStore|iPhone
		{72B6631C-CA4E-48A4-8DF7-70943E7B5656}.AppStore|iPhone.Build.0 = AppStore|iPhone
		{72B6631C-CA4E-48A4-8DF7-70943E7B5656}.AppStore|iPhoneSimulator.ActiveCfg = AppStore|iPhoneSimulator
		{72B6631C-CA4E-48A4-8DF7-70943E7B5656}.AppStore|iPhoneSimulator.Build.0 = AppStore|iPhoneSimulator
		{72B6631C-CA4E-48A4-8DF7-70943E7B5656}.AppStore|Mixed Platforms.ActiveCfg = AppStore|iPhone
		{72B6631C-CA4E-48A4-8DF7-70943E7B5656}.AppStore|Mixed Platforms.Build.0 = AppStore|iPhone
		{72B6631C-CA4E-48A4-8DF7-70943E7B5656}.AppStore|x86.ActiveCfg = AppStore|iPhone
		{72B6631C-CA4E-48A4-8DF7-70943E7B5656}.Debug|Any CPU.ActiveCfg = Debug|iPhone
		{72B6631C-CA4E-48A4-8DF7-70943E7B5656}.Debug|ARM.ActiveCfg = Debug|iPhone
		{72B6631C-CA4E-48A4-8DF7-70943E7B5656}.Debug|iPhone.ActiveCfg = Debug|iPhone
		{72B6631C-CA4E-48A4-8DF7-70943E7B5656}.Debug|iPhone.Build.0 = Debug|iPhone
		{72B6631C-CA4E-48A4-8DF7-70943E7B5656}.Debug|iPhoneSimulator.ActiveCfg = Debug|iPhoneSimulator
		{72B6631C-CA4E-48A4-8DF7-70943E7B5656}.Debug|iPhoneSimulator.Build.0 = Debug|iPhoneSimulator
		{72B6631C-CA4E-48A4-8DF7-70943E7B5656}.Debug|Mixed Platforms.ActiveCfg = Debug|iPhone
		{72B6631C-CA4E-48A4-8DF7-70943E7B5656}.Debug|Mixed Platforms.Build.0 = Debug|iPhone
		{72B6631C-CA4E-48A4-8DF7-70943E7B5656}.Debug|x86.ActiveCfg = Debug|iPhone
		{72B6631C-CA4E-48A4-8DF7-70943E7B5656}.Release|Any CPU.ActiveCfg = Release|iPhone
		{72B6631C-CA4E-48A4-8DF7-70943E7B5656}.Release|ARM.ActiveCfg = Release|iPhone
		{72B6631C-CA4E-48A4-8DF7-70943E7B5656}.Release|iPhone.ActiveCfg = Release|iPhone
		{72B6631C-CA4E-48A4-8DF7-70943E7B5656}.Release|iPhone.Build.0 = Release|iPhone
		{72B6631C-CA4E-48A4-8DF7-70943E7B5656}.Release|iPhoneSimulator.ActiveCfg = Release|iPhoneSimulator
		{72B6631C-CA4E-48A4-8DF7-70943E7B5656}.Release|iPhoneSimulator.Build.0 = Release|iPhoneSimulator
		{72B6631C-CA4E-48A4-8DF7-70943E7B5656}.Release|Mixed Platforms.ActiveCfg = Release|iPhone
		{72B6631C-CA4E-48A4-8DF7-70943E7B5656}.Release|Mixed Platforms.Build.0 = Release|iPhone
		{72B6631C-CA4E-48A4-8DF7-70943E7B5656}.Release|x86.ActiveCfg = Release|iPhone
		{7232EACA-AEC1-4860-AE16-F19E8C5B55BB}.Ad-Hoc|Any CPU.ActiveCfg = Release|Any CPU
		{7232EACA-AEC1-4860-AE16-F19E8C5B55BB}.Ad-Hoc|Any CPU.Build.0 = Release|Any CPU
		{7232EACA-AEC1-4860-AE16-F19E8C5B55BB}.Ad-Hoc|Any CPU.Deploy.0 = Release|Any CPU
		{7232EACA-AEC1-4860-AE16-F19E8C5B55BB}.Ad-Hoc|ARM.ActiveCfg = Release|Any CPU
		{7232EACA-AEC1-4860-AE16-F19E8C5B55BB}.Ad-Hoc|iPhone.ActiveCfg = Release|Any CPU
		{7232EACA-AEC1-4860-AE16-F19E8C5B55BB}.Ad-Hoc|iPhoneSimulator.ActiveCfg = Release|Any CPU
		{7232EACA-AEC1-4860-AE16-F19E8C5B55BB}.Ad-Hoc|Mixed Platforms.ActiveCfg = Release|Any CPU
		{7232EACA-AEC1-4860-AE16-F19E8C5B55BB}.Ad-Hoc|Mixed Platforms.Build.0 = Release|Any CPU
		{7232EACA-AEC1-4860-AE16-F19E8C5B55BB}.Ad-Hoc|Mixed Platforms.Deploy.0 = Release|Any CPU
		{7232EACA-AEC1-4860-AE16-F19E8C5B55BB}.Ad-Hoc|x86.ActiveCfg = Release|Any CPU
		{7232EACA-AEC1-4860-AE16-F19E8C5B55BB}.AppStore|Any CPU.ActiveCfg = Release|Any CPU
		{7232EACA-AEC1-4860-AE16-F19E8C5B55BB}.AppStore|Any CPU.Build.0 = Release|Any CPU
		{7232EACA-AEC1-4860-AE16-F19E8C5B55BB}.AppStore|Any CPU.Deploy.0 = Release|Any CPU
		{7232EACA-AEC1-4860-AE16-F19E8C5B55BB}.AppStore|ARM.ActiveCfg = Release|Any CPU
		{7232EACA-AEC1-4860-AE16-F19E8C5B55BB}.AppStore|iPhone.ActiveCfg = Release|Any CPU
		{7232EACA-AEC1-4860-AE16-F19E8C5B55BB}.AppStore|iPhoneSimulator.ActiveCfg = Release|Any CPU
		{7232EACA-AEC1-4860-AE16-F19E8C5B55BB}.AppStore|Mixed Platforms.ActiveCfg = Release|Any CPU
		{7232EACA-AEC1-4860-AE16-F19E8C5B55BB}.AppStore|Mixed Platforms.Build.0 = Release|Any CPU
		{7232EACA-AEC1-4860-AE16-F19E8C5B55BB}.AppStore|Mixed Platforms.Deploy.0 = Release|Any CPU
		{7232EACA-AEC1-4860-AE16-F19E8C5B55BB}.AppStore|x86.ActiveCfg = Release|Any CPU
		{7232EACA-AEC1-4860-AE16-F19E8C5B55BB}.Debug|Any CPU.ActiveCfg = Debug|Any CPU
		{7232EACA-AEC1-4860-AE16-F19E8C5B55BB}.Debug|Any CPU.Build.0 = Debug|Any CPU
		{7232EACA-AEC1-4860-AE16-F19E8C5B55BB}.Debug|Any CPU.Deploy.0 = Debug|Any CPU
		{7232EACA-AEC1-4860-AE16-F19E8C5B55BB}.Debug|ARM.ActiveCfg = Debug|Any CPU
		{7232EACA-AEC1-4860-AE16-F19E8C5B55BB}.Debug|iPhone.ActiveCfg = Debug|Any CPU
		{7232EACA-AEC1-4860-AE16-F19E8C5B55BB}.Debug|iPhoneSimulator.ActiveCfg = Debug|Any CPU
		{7232EACA-AEC1-4860-AE16-F19E8C5B55BB}.Debug|Mixed Platforms.ActiveCfg = Debug|Any CPU
		{7232EACA-AEC1-4860-AE16-F19E8C5B55BB}.Debug|Mixed Platforms.Build.0 = Debug|Any CPU
		{7232EACA-AEC1-4860-AE16-F19E8C5B55BB}.Debug|Mixed Platforms.Deploy.0 = Debug|Any CPU
		{7232EACA-AEC1-4860-AE16-F19E8C5B55BB}.Debug|x86.ActiveCfg = Debug|Any CPU
		{7232EACA-AEC1-4860-AE16-F19E8C5B55BB}.Release|Any CPU.ActiveCfg = Release|Any CPU
		{7232EACA-AEC1-4860-AE16-F19E8C5B55BB}.Release|Any CPU.Build.0 = Release|Any CPU
		{7232EACA-AEC1-4860-AE16-F19E8C5B55BB}.Release|Any CPU.Deploy.0 = Release|Any CPU
		{7232EACA-AEC1-4860-AE16-F19E8C5B55BB}.Release|ARM.ActiveCfg = Release|Any CPU
		{7232EACA-AEC1-4860-AE16-F19E8C5B55BB}.Release|iPhone.ActiveCfg = Release|Any CPU
		{7232EACA-AEC1-4860-AE16-F19E8C5B55BB}.Release|iPhoneSimulator.ActiveCfg = Release|Any CPU
		{7232EACA-AEC1-4860-AE16-F19E8C5B55BB}.Release|Mixed Platforms.ActiveCfg = Release|Any CPU
		{7232EACA-AEC1-4860-AE16-F19E8C5B55BB}.Release|Mixed Platforms.Build.0 = Release|Any CPU
		{7232EACA-AEC1-4860-AE16-F19E8C5B55BB}.Release|Mixed Platforms.Deploy.0 = Release|Any CPU
		{7232EACA-AEC1-4860-AE16-F19E8C5B55BB}.Release|x86.ActiveCfg = Release|Any CPU
		{F84AFCF2-B178-4063-978B-EA80BF7F30ED}.Ad-Hoc|Any CPU.ActiveCfg = Release|Any CPU
		{F84AFCF2-B178-4063-978B-EA80BF7F30ED}.Ad-Hoc|Any CPU.Build.0 = Release|Any CPU
		{F84AFCF2-B178-4063-978B-EA80BF7F30ED}.Ad-Hoc|Any CPU.Deploy.0 = Release|Any CPU
		{F84AFCF2-B178-4063-978B-EA80BF7F30ED}.Ad-Hoc|ARM.ActiveCfg = Release|ARM
		{F84AFCF2-B178-4063-978B-EA80BF7F30ED}.Ad-Hoc|ARM.Build.0 = Release|ARM
		{F84AFCF2-B178-4063-978B-EA80BF7F30ED}.Ad-Hoc|ARM.Deploy.0 = Release|ARM
		{F84AFCF2-B178-4063-978B-EA80BF7F30ED}.Ad-Hoc|iPhone.ActiveCfg = Release|Any CPU
		{F84AFCF2-B178-4063-978B-EA80BF7F30ED}.Ad-Hoc|iPhoneSimulator.ActiveCfg = Release|Any CPU
		{F84AFCF2-B178-4063-978B-EA80BF7F30ED}.Ad-Hoc|Mixed Platforms.ActiveCfg = Release|x86
		{F84AFCF2-B178-4063-978B-EA80BF7F30ED}.Ad-Hoc|Mixed Platforms.Build.0 = Release|x86
		{F84AFCF2-B178-4063-978B-EA80BF7F30ED}.Ad-Hoc|Mixed Platforms.Deploy.0 = Release|x86
		{F84AFCF2-B178-4063-978B-EA80BF7F30ED}.Ad-Hoc|x86.ActiveCfg = Release|x86
		{F84AFCF2-B178-4063-978B-EA80BF7F30ED}.Ad-Hoc|x86.Build.0 = Release|x86
		{F84AFCF2-B178-4063-978B-EA80BF7F30ED}.Ad-Hoc|x86.Deploy.0 = Release|x86
		{F84AFCF2-B178-4063-978B-EA80BF7F30ED}.AppStore|Any CPU.ActiveCfg = Release|Any CPU
		{F84AFCF2-B178-4063-978B-EA80BF7F30ED}.AppStore|Any CPU.Build.0 = Release|Any CPU
		{F84AFCF2-B178-4063-978B-EA80BF7F30ED}.AppStore|Any CPU.Deploy.0 = Release|Any CPU
		{F84AFCF2-B178-4063-978B-EA80BF7F30ED}.AppStore|ARM.ActiveCfg = Release|ARM
		{F84AFCF2-B178-4063-978B-EA80BF7F30ED}.AppStore|ARM.Build.0 = Release|ARM
		{F84AFCF2-B178-4063-978B-EA80BF7F30ED}.AppStore|ARM.Deploy.0 = Release|ARM
		{F84AFCF2-B178-4063-978B-EA80BF7F30ED}.AppStore|iPhone.ActiveCfg = Release|Any CPU
		{F84AFCF2-B178-4063-978B-EA80BF7F30ED}.AppStore|iPhoneSimulator.ActiveCfg = Release|Any CPU
		{F84AFCF2-B178-4063-978B-EA80BF7F30ED}.AppStore|Mixed Platforms.ActiveCfg = Release|x86
		{F84AFCF2-B178-4063-978B-EA80BF7F30ED}.AppStore|Mixed Platforms.Build.0 = Release|x86
		{F84AFCF2-B178-4063-978B-EA80BF7F30ED}.AppStore|Mixed Platforms.Deploy.0 = Release|x86
		{F84AFCF2-B178-4063-978B-EA80BF7F30ED}.AppStore|x86.ActiveCfg = Release|x86
		{F84AFCF2-B178-4063-978B-EA80BF7F30ED}.AppStore|x86.Build.0 = Release|x86
		{F84AFCF2-B178-4063-978B-EA80BF7F30ED}.AppStore|x86.Deploy.0 = Release|x86
		{F84AFCF2-B178-4063-978B-EA80BF7F30ED}.Debug|Any CPU.ActiveCfg = Debug|Any CPU
		{F84AFCF2-B178-4063-978B-EA80BF7F30ED}.Debug|Any CPU.Build.0 = Debug|Any CPU
		{F84AFCF2-B178-4063-978B-EA80BF7F30ED}.Debug|Any CPU.Deploy.0 = Debug|Any CPU
		{F84AFCF2-B178-4063-978B-EA80BF7F30ED}.Debug|ARM.ActiveCfg = Debug|ARM
		{F84AFCF2-B178-4063-978B-EA80BF7F30ED}.Debug|ARM.Build.0 = Debug|ARM
		{F84AFCF2-B178-4063-978B-EA80BF7F30ED}.Debug|ARM.Deploy.0 = Debug|ARM
		{F84AFCF2-B178-4063-978B-EA80BF7F30ED}.Debug|iPhone.ActiveCfg = Debug|Any CPU
		{F84AFCF2-B178-4063-978B-EA80BF7F30ED}.Debug|iPhoneSimulator.ActiveCfg = Debug|Any CPU
		{F84AFCF2-B178-4063-978B-EA80BF7F30ED}.Debug|Mixed Platforms.ActiveCfg = Debug|x86
		{F84AFCF2-B178-4063-978B-EA80BF7F30ED}.Debug|Mixed Platforms.Build.0 = Debug|x86
		{F84AFCF2-B178-4063-978B-EA80BF7F30ED}.Debug|Mixed Platforms.Deploy.0 = Debug|x86
		{F84AFCF2-B178-4063-978B-EA80BF7F30ED}.Debug|x86.ActiveCfg = Debug|x86
		{F84AFCF2-B178-4063-978B-EA80BF7F30ED}.Debug|x86.Build.0 = Debug|x86
		{F84AFCF2-B178-4063-978B-EA80BF7F30ED}.Debug|x86.Deploy.0 = Debug|x86
		{F84AFCF2-B178-4063-978B-EA80BF7F30ED}.Release|Any CPU.ActiveCfg = Release|Any CPU
		{F84AFCF2-B178-4063-978B-EA80BF7F30ED}.Release|Any CPU.Build.0 = Release|Any CPU
		{F84AFCF2-B178-4063-978B-EA80BF7F30ED}.Release|Any CPU.Deploy.0 = Release|Any CPU
		{F84AFCF2-B178-4063-978B-EA80BF7F30ED}.Release|ARM.ActiveCfg = Release|ARM
		{F84AFCF2-B178-4063-978B-EA80BF7F30ED}.Release|ARM.Build.0 = Release|ARM
		{F84AFCF2-B178-4063-978B-EA80BF7F30ED}.Release|ARM.Deploy.0 = Release|ARM
		{F84AFCF2-B178-4063-978B-EA80BF7F30ED}.Release|iPhone.ActiveCfg = Release|Any CPU
		{F84AFCF2-B178-4063-978B-EA80BF7F30ED}.Release|iPhoneSimulator.ActiveCfg = Release|Any CPU
		{F84AFCF2-B178-4063-978B-EA80BF7F30ED}.Release|Mixed Platforms.ActiveCfg = Release|x86
		{F84AFCF2-B178-4063-978B-EA80BF7F30ED}.Release|Mixed Platforms.Build.0 = Release|x86
		{F84AFCF2-B178-4063-978B-EA80BF7F30ED}.Release|Mixed Platforms.Deploy.0 = Release|x86
		{F84AFCF2-B178-4063-978B-EA80BF7F30ED}.Release|x86.ActiveCfg = Release|x86
		{F84AFCF2-B178-4063-978B-EA80BF7F30ED}.Release|x86.Build.0 = Release|x86
		{F84AFCF2-B178-4063-978B-EA80BF7F30ED}.Release|x86.Deploy.0 = Release|x86
	EndGlobalSection
	GlobalSection(SolutionProperties) = preSolution
		HideSolutionNode = FALSE
	EndGlobalSection
EndGlobal
